
Microsoft Visual Studio Solution File, Format Version 12.00
# Visual Studio Version 16
VisualStudioVersion = 16.0.30413.136
MinimumVisualStudioVersion = 10.0.40219.1
Project("{FAE04EC0-301F-11D3-BF4B-00C04F79EFBC}") = "OOTPLab8", "OOTPLab8\OOTPLab8.csproj", "{D148EB72-D426-44A6-B1CD-3FDA06508074}"
EndProject
Global
	GlobalSection(SolutionConfigurationPlatforms) = preSolution
		Debug|Any CPU = Debug|Any CPU
		Release|Any CPU = Release|Any CPU
	EndGlobalSection
	GlobalSection(ProjectConfigurationPlatforms) = postSolution
		{D148EB72-D426-44A6-B1CD-3FDA06508074}.Debug|Any CPU.ActiveCfg = Debug|Any CPU
		{D148EB72-D426-44A6-B1CD-3FDA06508074}.Debug|Any CPU.Build.0 = Debug|Any CPU
		{D148EB72-D426-44A6-B1CD-3FDA06508074}.Release|Any CPU.ActiveCfg = Release|Any CPU
		{D148EB72-D426-44A6-B1CD-3FDA06508074}.Release|Any CPU.Build.0 = Release|Any CPU
	EndGlobalSection
	GlobalSection(SolutionProperties) = preSolution
		HideSolutionNode = FALSE
	EndGlobalSection
	GlobalSection(ExtensibilityGlobals) = postSolution
		SolutionGuid = {CC25B444-C232-450E-9874-D60C0F7984ED}
	EndGlobalSection
EndGlobal
