
Microsoft Visual Studio Solution File, Format Version 12.00
# Visual Studio Version 16
VisualStudioVersion = 16.0.30413.136
MinimumVisualStudioVersion = 10.0.40219.1
Project("{FAE04EC0-301F-11D3-BF4B-00C04F79EFBC}") = "OOTPLab10", "OOTPLab10\OOTPLab10.csproj", "{776DC0F2-A01B-44B4-B9BE-3AC9C624E5DB}"
EndProject
Global
	GlobalSection(SolutionConfigurationPlatforms) = preSolution
		Debug|Any CPU = Debug|Any CPU
		Release|Any CPU = Release|Any CPU
	EndGlobalSection
	GlobalSection(ProjectConfigurationPlatforms) = postSolution
		{776DC0F2-A01B-44B4-B9BE-3AC9C624E5DB}.Debug|Any CPU.ActiveCfg = Debug|Any CPU
		{776DC0F2-A01B-44B4-B9BE-3AC9C624E5DB}.Debug|Any CPU.Build.0 = Debug|Any CPU
		{776DC0F2-A01B-44B4-B9BE-3AC9C624E5DB}.Release|Any CPU.ActiveCfg = Release|Any CPU
		{776DC0F2-A01B-44B4-B9BE-3AC9C624E5DB}.Release|Any CPU.Build.0 = Release|Any CPU
	EndGlobalSection
	GlobalSection(SolutionProperties) = preSolution
		HideSolutionNode = FALSE
	EndGlobalSection
	GlobalSection(ExtensibilityGlobals) = postSolution
		SolutionGuid = {933E2A6D-B2C4-44CE-ACAD-E030F3BF24FA}
	EndGlobalSection
EndGlobal
